// !$*UTF8*$!
{
	archiveVersion = 1;
	classes = {
	};
	objectVersion = 51;
	objects = {

/* Begin PBXBuildFile section */
		77598456C16A418CA03F7407 /* Pods_iOSDemo.framework in Frameworks */ = {isa = PBXBuildFile; fileRef = 031109C96D82E62F25910F51 /* Pods_iOSDemo.framework */; };
		B80F949E269ED355007003B3 /* AppDelegate.swift in Sources */ = {isa = PBXBuildFile; fileRef = B80F949D269ED355007003B3 /* AppDelegate.swift */; };
		B80F94A0269ED355007003B3 /* SceneDelegate.swift in Sources */ = {isa = PBXBuildFile; fileRef = B80F949F269ED355007003B3 /* SceneDelegate.swift */; };
		B80F94A2269ED355007003B3 /* ViewController.swift in Sources */ = {isa = PBXBuildFile; fileRef = B80F94A1269ED355007003B3 /* ViewController.swift */; };
		B80F94A5269ED355007003B3 /* Main.storyboard in Resources */ = {isa = PBXBuildFile; fileRef = B80F94A3269ED355007003B3 /* Main.storyboard */; };
		B80F94A8269ED355007003B3 /* iOSDemo.xcdatamodeld in Sources */ = {isa = PBXBuildFile; fileRef = B80F94A6269ED355007003B3 /* iOSDemo.xcdatamodeld */; };
		B80F94AA269ED356007003B3 /* Assets.xcassets in Resources */ = {isa = PBXBuildFile; fileRef = B80F94A9269ED356007003B3 /* Assets.xcassets */; };
		B80F94AD269ED356007003B3 /* LaunchScreen.storyboard in Resources */ = {isa = PBXBuildFile; fileRef = B80F94AB269ED356007003B3 /* LaunchScreen.storyboard */; };
		B80F94B8269ED356007003B3 /* iOSDemoTests.swift in Sources */ = {isa = PBXBuildFile; fileRef = B80F94B7269ED356007003B3 /* iOSDemoTests.swift */; };
		B80F94C3269ED356007003B3 /* iOSDemoUITests.swift in Sources */ = {isa = PBXBuildFile; fileRef = B80F94C2269ED356007003B3 /* iOSDemoUITests.swift */; };
		B80F952626A01A07007003B3 /* UIColor+Extension.swift in Sources */ = {isa = PBXBuildFile; fileRef = B80F951C26A01A07007003B3 /* UIColor+Extension.swift */; };
		B80F952726A01A07007003B3 /* UIColor+Extension.swift in Sources */ = {isa = PBXBuildFile; fileRef = B80F951C26A01A07007003B3 /* UIColor+Extension.swift */; };
		B80F952826A01A07007003B3 /* UIColor+Extension.swift in Sources */ = {isa = PBXBuildFile; fileRef = B80F951C26A01A07007003B3 /* UIColor+Extension.swift */; };
		B80F952926A01A07007003B3 /* UIimage+Extension.swift in Sources */ = {isa = PBXBuildFile; fileRef = B80F951D26A01A07007003B3 /* UIimage+Extension.swift */; };
		B80F952A26A01A07007003B3 /* UIimage+Extension.swift in Sources */ = {isa = PBXBuildFile; fileRef = B80F951D26A01A07007003B3 /* UIimage+Extension.swift */; };
		B80F952B26A01A07007003B3 /* UIimage+Extension.swift in Sources */ = {isa = PBXBuildFile; fileRef = B80F951D26A01A07007003B3 /* UIimage+Extension.swift */; };
		B80F952C26A01A07007003B3 /* Date+Extension.swift in Sources */ = {isa = PBXBuildFile; fileRef = B80F951F26A01A07007003B3 /* Date+Extension.swift */; };
		B80F952D26A01A07007003B3 /* Date+Extension.swift in Sources */ = {isa = PBXBuildFile; fileRef = B80F951F26A01A07007003B3 /* Date+Extension.swift */; };
		B80F952E26A01A07007003B3 /* Date+Extension.swift in Sources */ = {isa = PBXBuildFile; fileRef = B80F951F26A01A07007003B3 /* Date+Extension.swift */; };
		B80F952F26A01A07007003B3 /* String+Extension.swift in Sources */ = {isa = PBXBuildFile; fileRef = B80F952026A01A07007003B3 /* String+Extension.swift */; };
		B80F953026A01A07007003B3 /* String+Extension.swift in Sources */ = {isa = PBXBuildFile; fileRef = B80F952026A01A07007003B3 /* String+Extension.swift */; };
		B80F953126A01A07007003B3 /* String+Extension.swift in Sources */ = {isa = PBXBuildFile; fileRef = B80F952026A01A07007003B3 /* String+Extension.swift */; };
		B80F953226A01A07007003B3 /* Array+Extension.swift in Sources */ = {isa = PBXBuildFile; fileRef = B80F952126A01A07007003B3 /* Array+Extension.swift */; };
		B80F953326A01A07007003B3 /* Array+Extension.swift in Sources */ = {isa = PBXBuildFile; fileRef = B80F952126A01A07007003B3 /* Array+Extension.swift */; };
		B80F953426A01A07007003B3 /* Array+Extension.swift in Sources */ = {isa = PBXBuildFile; fileRef = B80F952126A01A07007003B3 /* Array+Extension.swift */; };
		B80F953526A01A07007003B3 /* CodeField.swift in Sources */ = {isa = PBXBuildFile; fileRef = B80F952326A01A07007003B3 /* CodeField.swift */; };
		B80F953626A01A07007003B3 /* CodeField.swift in Sources */ = {isa = PBXBuildFile; fileRef = B80F952326A01A07007003B3 /* CodeField.swift */; };
		B80F953726A01A07007003B3 /* CodeField.swift in Sources */ = {isa = PBXBuildFile; fileRef = B80F952326A01A07007003B3 /* CodeField.swift */; };
		B80F953826A01A07007003B3 /* AnimatedImageView.swift in Sources */ = {isa = PBXBuildFile; fileRef = B80F952426A01A07007003B3 /* AnimatedImageView.swift */; };
		B80F953926A01A07007003B3 /* AnimatedImageView.swift in Sources */ = {isa = PBXBuildFile; fileRef = B80F952426A01A07007003B3 /* AnimatedImageView.swift */; };
		B80F953A26A01A07007003B3 /* AnimatedImageView.swift in Sources */ = {isa = PBXBuildFile; fileRef = B80F952426A01A07007003B3 /* AnimatedImageView.swift */; };
		B80F953B26A01A07007003B3 /* CircleProgressView.swift in Sources */ = {isa = PBXBuildFile; fileRef = B80F952526A01A07007003B3 /* CircleProgressView.swift */; };
		B80F953C26A01A07007003B3 /* CircleProgressView.swift in Sources */ = {isa = PBXBuildFile; fileRef = B80F952526A01A07007003B3 /* CircleProgressView.swift */; };
		B80F953D26A01A07007003B3 /* CircleProgressView.swift in Sources */ = {isa = PBXBuildFile; fileRef = B80F952526A01A07007003B3 /* CircleProgressView.swift */; };
		B816786829CB0C97008579D8 /* BLEDevice.swift in Sources */ = {isa = PBXBuildFile; fileRef = B816786729CB0C97008579D8 /* BLEDevice.swift */; };
		B816786A29CB0E94008579D8 /* PeripheralOperation.swift in Sources */ = {isa = PBXBuildFile; fileRef = B816786929CB0E94008579D8 /* PeripheralOperation.swift */; };
		B816787229CC4C84008579D8 /* CompanyIdentfiers - CSV.csv in Resources */ = {isa = PBXBuildFile; fileRef = B816787129CC4C84008579D8 /* CompanyIdentfiers - CSV.csv */; };
		B816787829CC7684008579D8 /* CSVParser.swift in Sources */ = {isa = PBXBuildFile; fileRef = B816787729CC7684008579D8 /* CSVParser.swift */; };
		B816787B29CCB30F008579D8 /* CompanyIdentfier.swift in Sources */ = {isa = PBXBuildFile; fileRef = B816787A29CCB30F008579D8 /* CompanyIdentfier.swift */; };
		B816788129CF072E008579D8 /* Constant.swift in Sources */ = {isa = PBXBuildFile; fileRef = B816788029CF072E008579D8 /* Constant.swift */; };
		B816788529CF4542008579D8 /* AppKit+Extension.swift in Sources */ = {isa = PBXBuildFile; fileRef = B816788429CF440D008579D8 /* AppKit+Extension.swift */; };
		B816788729CFEFE0008579D8 /* Cache.swift in Sources */ = {isa = PBXBuildFile; fileRef = B816788629CFEFE0008579D8 /* Cache.swift */; };
		B8179F8628C8516F00D63BA9 /* BLEManager.swift in Sources */ = {isa = PBXBuildFile; fileRef = B8179F8528C8516F00D63BA9 /* BLEManager.swift */; };
		B8179F8928C859BE00D63BA9 /* DeviceVC.swift in Sources */ = {isa = PBXBuildFile; fileRef = B8179F8828C859BE00D63BA9 /* DeviceVC.swift */; };
		B8179F8B28C866D500D63BA9 /* CoreBluetooth.framework in Frameworks */ = {isa = PBXBuildFile; fileRef = B8179F8A28C866D400D63BA9 /* CoreBluetooth.framework */; };
		B8179F8D28CAD58E00D63BA9 /* BLEAdvertisement.swift in Sources */ = {isa = PBXBuildFile; fileRef = B8179F8C28CAD58E00D63BA9 /* BLEAdvertisement.swift */; };
		B835127029DA1497002F2A13 /* OptionSet+.swift in Sources */ = {isa = PBXBuildFile; fileRef = B835126F29DA1497002F2A13 /* OptionSet+.swift */; };
		B838AE9029D1E7A100B9D749 /* DelegateProxy.swift in Sources */ = {isa = PBXBuildFile; fileRef = B838AE8F29D1E7A100B9D749 /* DelegateProxy.swift */; };
		B852B6E7289E4C8D00C07C08 /* Data+Extension.swift in Sources */ = {isa = PBXBuildFile; fileRef = B852B6E6289E4C8D00C07C08 /* Data+Extension.swift */; };
		B88CE7B129D388E10006772B /* ViewController copy.swift in Sources */ = {isa = PBXBuildFile; fileRef = B88CE7B029D388E10006772B /* ViewController copy.swift */; };
		B88DA3C029DABE1200E9CDE8 /* Integer+.swift in Sources */ = {isa = PBXBuildFile; fileRef = B88DA3BF29DABE0F00E9CDE8 /* Integer+.swift */; };
		B88DA3C229DB376B00E9CDE8 /* Extension+.swift in Sources */ = {isa = PBXBuildFile; fileRef = B88DA3C129DB376B00E9CDE8 /* Extension+.swift */; };
		B88DA3C429DB731900E9CDE8 /* CFuncScheme.swift in Sources */ = {isa = PBXBuildFile; fileRef = B88DA3C329DB731900E9CDE8 /* CFuncScheme.swift */; };
		B88DA3CC29DB92C400E9CDE8 /* WriteViewController.swift in Sources */ = {isa = PBXBuildFile; fileRef = B88DA3CB29DB92C400E9CDE8 /* WriteViewController.swift */; };
		B88DA3CE29DB98EC00E9CDE8 /* AttributeCell.swift in Sources */ = {isa = PBXBuildFile; fileRef = B88DA3CD29DB98EC00E9CDE8 /* AttributeCell.swift */; };
		B88DA3D529DBAF9000E9CDE8 /* WriteValueScene.storyboard in Resources */ = {isa = PBXBuildFile; fileRef = B88DA3D429DBAF8F00E9CDE8 /* WriteValueScene.storyboard */; };
		B8A644F92670C8DC00BA7FB2 /* AppDelegate.swift in Sources */ = {isa = PBXBuildFile; fileRef = B8A644F82670C8DC00BA7FB2 /* AppDelegate.swift */; };
		B8A644FB2670C8DC00BA7FB2 /* ViewController.swift in Sources */ = {isa = PBXBuildFile; fileRef = B8A644FA2670C8DC00BA7FB2 /* ViewController.swift */; };
		B8A644FE2670C8DC00BA7FB2 /* Sample_Swift.xcdatamodeld in Sources */ = {isa = PBXBuildFile; fileRef = B8A644FC2670C8DC00BA7FB2 /* Sample_Swift.xcdatamodeld */; };
		B8A645002670C8DD00BA7FB2 /* Assets.xcassets in Resources */ = {isa = PBXBuildFile; fileRef = B8A644FF2670C8DD00BA7FB2 /* Assets.xcassets */; };
		B8A645032670C8DD00BA7FB2 /* Main.storyboard in Resources */ = {isa = PBXBuildFile; fileRef = B8A645012670C8DD00BA7FB2 /* Main.storyboard */; };
		B8A6450F2670C8DD00BA7FB2 /* Sample_SwiftTests.swift in Sources */ = {isa = PBXBuildFile; fileRef = B8A6450E2670C8DD00BA7FB2 /* Sample_SwiftTests.swift */; };
		B8A6451A2670C8DD00BA7FB2 /* Sample_SwiftUITests.swift in Sources */ = {isa = PBXBuildFile; fileRef = B8A645192670C8DD00BA7FB2 /* Sample_SwiftUITests.swift */; };
		B8B9DC3D29D4FE130071FAE9 /* OCDelegateProxy.m in Sources */ = {isa = PBXBuildFile; fileRef = B8B9DC3C29D4FE130071FAE9 /* OCDelegateProxy.m */; };
		B8B9DC4029D500620071FAE9 /* OCDelegateProxy.m in Sources */ = {isa = PBXBuildFile; fileRef = B8B9DC3C29D4FE130071FAE9 /* OCDelegateProxy.m */; };
		B8B9DC4929D653C60071FAE9 /* PeripheralPrintExecutor.swift in Sources */ = {isa = PBXBuildFile; fileRef = B8B9DC4829D64F8C0071FAE9 /* PeripheralPrintExecutor.swift */; };
		B8B9DC4B29D655B00071FAE9 /* PeripheralDelegateProxy.swift in Sources */ = {isa = PBXBuildFile; fileRef = B8B9DC4A29D654550071FAE9 /* PeripheralDelegateProxy.swift */; };
		B8B9DC4D29D68CBE0071FAE9 /* RuntimeFunc.swift in Sources */ = {isa = PBXBuildFile; fileRef = B8B9DC4C29D68C4A0071FAE9 /* RuntimeFunc.swift */; };
		B8E7229E29D8E85C007BC34A /* CBCharacteristic+.swift in Sources */ = {isa = PBXBuildFile; fileRef = B8E7229D29D8E77D007BC34A /* CBCharacteristic+.swift */; };
/* End PBXBuildFile section */

/* Begin PBXContainerItemProxy section */
		B80F94B4269ED356007003B3 /* PBXContainerItemProxy */ = {
			isa = PBXContainerItemProxy;
			containerPortal = B8A644ED2670C8DC00BA7FB2 /* Project object */;
			proxyType = 1;
			remoteGlobalIDString = B80F949A269ED355007003B3;
			remoteInfo = iOSDemo;
		};
		B80F94BF269ED356007003B3 /* PBXContainerItemProxy */ = {
			isa = PBXContainerItemProxy;
			containerPortal = B8A644ED2670C8DC00BA7FB2 /* Project object */;
			proxyType = 1;
			remoteGlobalIDString = B80F949A269ED355007003B3;
			remoteInfo = iOSDemo;
		};
		B8A6450B2670C8DD00BA7FB2 /* PBXContainerItemProxy */ = {
			isa = PBXContainerItemProxy;
			containerPortal = B8A644ED2670C8DC00BA7FB2 /* Project object */;
			proxyType = 1;
			remoteGlobalIDString = B8A644F42670C8DC00BA7FB2;
			remoteInfo = "Sample-Swift";
		};
		B8A645162670C8DD00BA7FB2 /* PBXContainerItemProxy */ = {
			isa = PBXContainerItemProxy;
			containerPortal = B8A644ED2670C8DC00BA7FB2 /* Project object */;
			proxyType = 1;
			remoteGlobalIDString = B8A644F42670C8DC00BA7FB2;
			remoteInfo = "Sample-Swift";
		};
/* End PBXContainerItemProxy section */

/* Begin PBXFileReference section */
		031109C96D82E62F25910F51 /* Pods_iOSDemo.framework */ = {isa = PBXFileReference; explicitFileType = wrapper.framework; includeInIndex = 0; path = Pods_iOSDemo.framework; sourceTree = BUILT_PRODUCTS_DIR; };
		3611A3B36913CA63DDFF57E1 /* Pods-iOSDemo.debug.xcconfig */ = {isa = PBXFileReference; includeInIndex = 1; lastKnownFileType = text.xcconfig; name = "Pods-iOSDemo.debug.xcconfig"; path = "Target Support Files/Pods-iOSDemo/Pods-iOSDemo.debug.xcconfig"; sourceTree = "<group>"; };
		9354250C501609FAB225BA6E /* Pods-iOSDemo.release.xcconfig */ = {isa = PBXFileReference; includeInIndex = 1; lastKnownFileType = text.xcconfig; name = "Pods-iOSDemo.release.xcconfig"; path = "Target Support Files/Pods-iOSDemo/Pods-iOSDemo.release.xcconfig"; sourceTree = "<group>"; };
		B80F949B269ED355007003B3 /* iOSDemo.app */ = {isa = PBXFileReference; explicitFileType = wrapper.application; includeInIndex = 0; path = iOSDemo.app; sourceTree = BUILT_PRODUCTS_DIR; };
		B80F949D269ED355007003B3 /* AppDelegate.swift */ = {isa = PBXFileReference; lastKnownFileType = sourcecode.swift; path = AppDelegate.swift; sourceTree = "<group>"; };
		B80F949F269ED355007003B3 /* SceneDelegate.swift */ = {isa = PBXFileReference; lastKnownFileType = sourcecode.swift; path = SceneDelegate.swift; sourceTree = "<group>"; };
		B80F94A1269ED355007003B3 /* ViewController.swift */ = {isa = PBXFileReference; lastKnownFileType = sourcecode.swift; path = ViewController.swift; sourceTree = "<group>"; };
		B80F94A4269ED355007003B3 /* Base */ = {isa = PBXFileReference; lastKnownFileType = file.storyboard; name = Base; path = Base.lproj/Main.storyboard; sourceTree = "<group>"; };
		B80F94A7269ED355007003B3 /* iOSDemo.xcdatamodel */ = {isa = PBXFileReference; lastKnownFileType = wrapper.xcdatamodel; path = iOSDemo.xcdatamodel; sourceTree = "<group>"; };
		B80F94A9269ED356007003B3 /* Assets.xcassets */ = {isa = PBXFileReference; lastKnownFileType = folder.assetcatalog; path = Assets.xcassets; sourceTree = "<group>"; };
		B80F94AC269ED356007003B3 /* Base */ = {isa = PBXFileReference; lastKnownFileType = file.storyboard; name = Base; path = Base.lproj/LaunchScreen.storyboard; sourceTree = "<group>"; };
		B80F94AE269ED356007003B3 /* Info.plist */ = {isa = PBXFileReference; lastKnownFileType = text.plist.xml; path = Info.plist; sourceTree = "<group>"; };
		B80F94B3269ED356007003B3 /* iOSDemoTests.xctest */ = {isa = PBXFileReference; explicitFileType = wrapper.cfbundle; includeInIndex = 0; path = iOSDemoTests.xctest; sourceTree = BUILT_PRODUCTS_DIR; };
		B80F94B7269ED356007003B3 /* iOSDemoTests.swift */ = {isa = PBXFileReference; lastKnownFileType = sourcecode.swift; path = iOSDemoTests.swift; sourceTree = "<group>"; };
		B80F94B9269ED356007003B3 /* Info.plist */ = {isa = PBXFileReference; lastKnownFileType = text.plist.xml; path = Info.plist; sourceTree = "<group>"; };
		B80F94BE269ED356007003B3 /* iOSDemoUITests.xctest */ = {isa = PBXFileReference; explicitFileType = wrapper.cfbundle; includeInIndex = 0; path = iOSDemoUITests.xctest; sourceTree = BUILT_PRODUCTS_DIR; };
		B80F94C2269ED356007003B3 /* iOSDemoUITests.swift */ = {isa = PBXFileReference; lastKnownFileType = sourcecode.swift; path = iOSDemoUITests.swift; sourceTree = "<group>"; };
		B80F94C4269ED356007003B3 /* Info.plist */ = {isa = PBXFileReference; lastKnownFileType = text.plist.xml; path = Info.plist; sourceTree = "<group>"; };
		B80F951C26A01A07007003B3 /* UIColor+Extension.swift */ = {isa = PBXFileReference; fileEncoding = 4; lastKnownFileType = sourcecode.swift; path = "UIColor+Extension.swift"; sourceTree = "<group>"; };
		B80F951D26A01A07007003B3 /* UIimage+Extension.swift */ = {isa = PBXFileReference; fileEncoding = 4; lastKnownFileType = sourcecode.swift; path = "UIimage+Extension.swift"; sourceTree = "<group>"; };
		B80F951F26A01A07007003B3 /* Date+Extension.swift */ = {isa = PBXFileReference; fileEncoding = 4; lastKnownFileType = sourcecode.swift; path = "Date+Extension.swift"; sourceTree = "<group>"; };
		B80F952026A01A07007003B3 /* String+Extension.swift */ = {isa = PBXFileReference; fileEncoding = 4; lastKnownFileType = sourcecode.swift; path = "String+Extension.swift"; sourceTree = "<group>"; };
		B80F952126A01A07007003B3 /* Array+Extension.swift */ = {isa = PBXFileReference; fileEncoding = 4; lastKnownFileType = sourcecode.swift; path = "Array+Extension.swift"; sourceTree = "<group>"; };
		B80F952326A01A07007003B3 /* CodeField.swift */ = {isa = PBXFileReference; fileEncoding = 4; lastKnownFileType = sourcecode.swift; path = CodeField.swift; sourceTree = "<group>"; };
		B80F952426A01A07007003B3 /* AnimatedImageView.swift */ = {isa = PBXFileReference; fileEncoding = 4; lastKnownFileType = sourcecode.swift; path = AnimatedImageView.swift; sourceTree = "<group>"; };
		B80F952526A01A07007003B3 /* CircleProgressView.swift */ = {isa = PBXFileReference; fileEncoding = 4; lastKnownFileType = sourcecode.swift; path = CircleProgressView.swift; sourceTree = "<group>"; };
		B816786729CB0C97008579D8 /* BLEDevice.swift */ = {isa = PBXFileReference; lastKnownFileType = sourcecode.swift; path = BLEDevice.swift; sourceTree = "<group>"; };
		B816786929CB0E94008579D8 /* PeripheralOperation.swift */ = {isa = PBXFileReference; lastKnownFileType = sourcecode.swift; path = PeripheralOperation.swift; sourceTree = "<group>"; };
		B816787129CC4C84008579D8 /* CompanyIdentfiers - CSV.csv */ = {isa = PBXFileReference; fileEncoding = 4; lastKnownFileType = text; path = "CompanyIdentfiers - CSV.csv"; sourceTree = "<group>"; };
		B816787729CC7684008579D8 /* CSVParser.swift */ = {isa = PBXFileReference; lastKnownFileType = sourcecode.swift; path = CSVParser.swift; sourceTree = "<group>"; };
		B816787A29CCB30F008579D8 /* CompanyIdentfier.swift */ = {isa = PBXFileReference; lastKnownFileType = sourcecode.swift; path = CompanyIdentfier.swift; sourceTree = "<group>"; };
		B816787D29CCC56D008579D8 /* CompanyIdentfiers1 - CSV.csv */ = {isa = PBXFileReference; lastKnownFileType = text; path = "CompanyIdentfiers1 - CSV.csv"; sourceTree = "<group>"; };
		B816788029CF072E008579D8 /* Constant.swift */ = {isa = PBXFileReference; lastKnownFileType = sourcecode.swift; path = Constant.swift; sourceTree = "<group>"; };
		B816788429CF440D008579D8 /* AppKit+Extension.swift */ = {isa = PBXFileReference; lastKnownFileType = sourcecode.swift; path = "AppKit+Extension.swift"; sourceTree = "<group>"; };
		B816788629CFEFE0008579D8 /* Cache.swift */ = {isa = PBXFileReference; lastKnownFileType = sourcecode.swift; path = Cache.swift; sourceTree = "<group>"; };
		B8179F8528C8516F00D63BA9 /* BLEManager.swift */ = {isa = PBXFileReference; lastKnownFileType = sourcecode.swift; path = BLEManager.swift; sourceTree = "<group>"; };
		B8179F8828C859BE00D63BA9 /* DeviceVC.swift */ = {isa = PBXFileReference; lastKnownFileType = sourcecode.swift; path = DeviceVC.swift; sourceTree = "<group>"; };
		B8179F8A28C866D400D63BA9 /* CoreBluetooth.framework */ = {isa = PBXFileReference; lastKnownFileType = wrapper.framework; name = CoreBluetooth.framework; path = System/Library/Frameworks/CoreBluetooth.framework; sourceTree = SDKROOT; };
		B8179F8C28CAD58E00D63BA9 /* BLEAdvertisement.swift */ = {isa = PBXFileReference; lastKnownFileType = sourcecode.swift; path = BLEAdvertisement.swift; sourceTree = "<group>"; };
		B835126F29DA1497002F2A13 /* OptionSet+.swift */ = {isa = PBXFileReference; lastKnownFileType = sourcecode.swift; path = "OptionSet+.swift"; sourceTree = "<group>"; };
		B835127129DA5BE3002F2A13 /* MyPlayground.playground */ = {isa = PBXFileReference; lastKnownFileType = file.playground; path = MyPlayground.playground; sourceTree = "<group>"; xcLanguageSpecificationIdentifier = xcode.lang.swift; };
		B838AE8F29D1E7A100B9D749 /* DelegateProxy.swift */ = {isa = PBXFileReference; lastKnownFileType = sourcecode.swift; path = DelegateProxy.swift; sourceTree = "<group>"; };
		B852B6E6289E4C8D00C07C08 /* Data+Extension.swift */ = {isa = PBXFileReference; lastKnownFileType = sourcecode.swift; path = "Data+Extension.swift"; sourceTree = "<group>"; };
		B8591D1527EAE48800C4E187 /* EventKitUI.framework */ = {isa = PBXFileReference; lastKnownFileType = wrapper.framework; name = EventKitUI.framework; path = System/iOSSupport/System/Library/Frameworks/EventKitUI.framework; sourceTree = SDKROOT; };
		B88CE7B029D388E10006772B /* ViewController copy.swift */ = {isa = PBXFileReference; lastKnownFileType = sourcecode.swift; path = "ViewController copy.swift"; sourceTree = "<group>"; };
		B88DA3BF29DABE0F00E9CDE8 /* Integer+.swift */ = {isa = PBXFileReference; lastKnownFileType = sourcecode.swift; path = "Integer+.swift"; sourceTree = "<group>"; };
		B88DA3C129DB376B00E9CDE8 /* Extension+.swift */ = {isa = PBXFileReference; lastKnownFileType = sourcecode.swift; path = "Extension+.swift"; sourceTree = "<group>"; };
		B88DA3C329DB731900E9CDE8 /* CFuncScheme.swift */ = {isa = PBXFileReference; lastKnownFileType = sourcecode.swift; path = CFuncScheme.swift; sourceTree = "<group>"; };
		B88DA3CB29DB92C400E9CDE8 /* WriteViewController.swift */ = {isa = PBXFileReference; lastKnownFileType = sourcecode.swift; path = WriteViewController.swift; sourceTree = "<group>"; };
		B88DA3CD29DB98EC00E9CDE8 /* AttributeCell.swift */ = {isa = PBXFileReference; lastKnownFileType = sourcecode.swift; path = AttributeCell.swift; sourceTree = "<group>"; };
		B88DA3D429DBAF8F00E9CDE8 /* WriteValueScene.storyboard */ = {isa = PBXFileReference; fileEncoding = 4; lastKnownFileType = file.storyboard; path = WriteValueScene.storyboard; sourceTree = "<group>"; };
		B8A644F52670C8DC00BA7FB2 /* Sample-Swift.app */ = {isa = PBXFileReference; explicitFileType = wrapper.application; includeInIndex = 0; path = "Sample-Swift.app"; sourceTree = BUILT_PRODUCTS_DIR; };
		B8A644F82670C8DC00BA7FB2 /* AppDelegate.swift */ = {isa = PBXFileReference; lastKnownFileType = sourcecode.swift; path = AppDelegate.swift; sourceTree = "<group>"; };
		B8A644FA2670C8DC00BA7FB2 /* ViewController.swift */ = {isa = PBXFileReference; lastKnownFileType = sourcecode.swift; path = ViewController.swift; sourceTree = "<group>"; };
		B8A644FD2670C8DC00BA7FB2 /* Sample_Swift.xcdatamodel */ = {isa = PBXFileReference; lastKnownFileType = wrapper.xcdatamodel; path = Sample_Swift.xcdatamodel; sourceTree = "<group>"; };
		B8A644FF2670C8DD00BA7FB2 /* Assets.xcassets */ = {isa = PBXFileReference; lastKnownFileType = folder.assetcatalog; path = Assets.xcassets; sourceTree = "<group>"; };
		B8A645022670C8DD00BA7FB2 /* Base */ = {isa = PBXFileReference; lastKnownFileType = file.storyboard; name = Base; path = Base.lproj/Main.storyboard; sourceTree = "<group>"; };
		B8A645042670C8DD00BA7FB2 /* Info.plist */ = {isa = PBXFileReference; lastKnownFileType = text.plist.xml; path = Info.plist; sourceTree = "<group>"; };
		B8A645052670C8DD00BA7FB2 /* Sample_Swift.entitlements */ = {isa = PBXFileReference; lastKnownFileType = text.plist.entitlements; path = Sample_Swift.entitlements; sourceTree = "<group>"; };
		B8A6450A2670C8DD00BA7FB2 /* Sample-SwiftTests.xctest */ = {isa = PBXFileReference; explicitFileType = wrapper.cfbundle; includeInIndex = 0; path = "Sample-SwiftTests.xctest"; sourceTree = BUILT_PRODUCTS_DIR; };
		B8A6450E2670C8DD00BA7FB2 /* Sample_SwiftTests.swift */ = {isa = PBXFileReference; lastKnownFileType = sourcecode.swift; path = Sample_SwiftTests.swift; sourceTree = "<group>"; };
		B8A645102670C8DD00BA7FB2 /* Info.plist */ = {isa = PBXFileReference; lastKnownFileType = text.plist.xml; path = Info.plist; sourceTree = "<group>"; };
		B8A645152670C8DD00BA7FB2 /* Sample-SwiftUITests.xctest */ = {isa = PBXFileReference; explicitFileType = wrapper.cfbundle; includeInIndex = 0; path = "Sample-SwiftUITests.xctest"; sourceTree = BUILT_PRODUCTS_DIR; };
		B8A645192670C8DD00BA7FB2 /* Sample_SwiftUITests.swift */ = {isa = PBXFileReference; lastKnownFileType = sourcecode.swift; path = Sample_SwiftUITests.swift; sourceTree = "<group>"; };
		B8A6451B2670C8DD00BA7FB2 /* Info.plist */ = {isa = PBXFileReference; lastKnownFileType = text.plist.xml; path = Info.plist; sourceTree = "<group>"; };
		B8B9DC3A29D4FE130071FAE9 /* Sample-SwiftTests-Bridging-Header.h */ = {isa = PBXFileReference; lastKnownFileType = sourcecode.c.h; path = "Sample-SwiftTests-Bridging-Header.h"; sourceTree = "<group>"; };
		B8B9DC3B29D4FE130071FAE9 /* OCDelegateProxy.h */ = {isa = PBXFileReference; lastKnownFileType = sourcecode.c.h; path = OCDelegateProxy.h; sourceTree = "<group>"; };
		B8B9DC3C29D4FE130071FAE9 /* OCDelegateProxy.m */ = {isa = PBXFileReference; lastKnownFileType = sourcecode.c.objc; path = OCDelegateProxy.m; sourceTree = "<group>"; };
		B8B9DC4829D64F8C0071FAE9 /* PeripheralPrintExecutor.swift */ = {isa = PBXFileReference; lastKnownFileType = sourcecode.swift; path = PeripheralPrintExecutor.swift; sourceTree = "<group>"; };
		B8B9DC4A29D654550071FAE9 /* PeripheralDelegateProxy.swift */ = {isa = PBXFileReference; lastKnownFileType = sourcecode.swift; path = PeripheralDelegateProxy.swift; sourceTree = "<group>"; };
		B8B9DC4C29D68C4A0071FAE9 /* RuntimeFunc.swift */ = {isa = PBXFileReference; lastKnownFileType = sourcecode.swift; path = RuntimeFunc.swift; sourceTree = "<group>"; };
		B8E7229D29D8E77D007BC34A /* CBCharacteristic+.swift */ = {isa = PBXFileReference; lastKnownFileType = sourcecode.swift; path = "CBCharacteristic+.swift"; sourceTree = "<group>"; };
/* End PBXFileReference section */

/* Begin PBXFrameworksBuildPhase section */
		B80F9498269ED355007003B3 /* Frameworks */ = {
			isa = PBXFrameworksBuildPhase;
			buildActionMask = 2147483647;
			files = (
				77598456C16A418CA03F7407 /* Pods_iOSDemo.framework in Frameworks */,
			);
			runOnlyForDeploymentPostprocessing = 0;
		};
		B80F94B0269ED356007003B3 /* Frameworks */ = {
			isa = PBXFrameworksBuildPhase;
			buildActionMask = 2147483647;
			files = (
			);
			runOnlyForDeploymentPostprocessing = 0;
		};
		B80F94BB269ED356007003B3 /* Frameworks */ = {
			isa = PBXFrameworksBuildPhase;
			buildActionMask = 2147483647;
			files = (
			);
			runOnlyForDeploymentPostprocessing = 0;
		};
		B8A644F22670C8DC00BA7FB2 /* Frameworks */ = {
			isa = PBXFrameworksBuildPhase;
			buildActionMask = 2147483647;
			files = (
				B8179F8B28C866D500D63BA9 /* CoreBluetooth.framework in Frameworks */,
			);
			runOnlyForDeploymentPostprocessing = 0;
		};
		B8A645072670C8DD00BA7FB2 /* Frameworks */ = {
			isa = PBXFrameworksBuildPhase;
			buildActionMask = 2147483647;
			files = (
			);
			runOnlyForDeploymentPostprocessing = 0;
		};
		B8A645122670C8DD00BA7FB2 /* Frameworks */ = {
			isa = PBXFrameworksBuildPhase;
			buildActionMask = 2147483647;
			files = (
			);
			runOnlyForDeploymentPostprocessing = 0;
		};
/* End PBXFrameworksBuildPhase section */

/* Begin PBXGroup section */
		3D8EC474836EA8537373F542 /* Pods */ = {
			isa = PBXGroup;
			children = (
				3611A3B36913CA63DDFF57E1 /* Pods-iOSDemo.debug.xcconfig */,
				9354250C501609FAB225BA6E /* Pods-iOSDemo.release.xcconfig */,
			);
			path = Pods;
			sourceTree = "<group>";
		};
		B80F949C269ED355007003B3 /* iOSDemo */ = {
			isa = PBXGroup;
			children = (
				B80F951A26A01A07007003B3 /* Category */,
				B80F952226A01A07007003B3 /* UIKit+Custom */,
				B80F949D269ED355007003B3 /* AppDelegate.swift */,
				B80F949F269ED355007003B3 /* SceneDelegate.swift */,
				B80F94A1269ED355007003B3 /* ViewController.swift */,
				B80F94A3269ED355007003B3 /* Main.storyboard */,
				B80F94A9269ED356007003B3 /* Assets.xcassets */,
				B80F94AB269ED356007003B3 /* LaunchScreen.storyboard */,
				B80F94AE269ED356007003B3 /* Info.plist */,
				B80F94A6269ED355007003B3 /* iOSDemo.xcdatamodeld */,
			);
			path = iOSDemo;
			sourceTree = "<group>";
		};
		B80F94B6269ED356007003B3 /* iOSDemoTests */ = {
			isa = PBXGroup;
			children = (
				B80F94B7269ED356007003B3 /* iOSDemoTests.swift */,
				B80F94B9269ED356007003B3 /* Info.plist */,
			);
			path = iOSDemoTests;
			sourceTree = "<group>";
		};
		B80F94C1269ED356007003B3 /* iOSDemoUITests */ = {
			isa = PBXGroup;
			children = (
				B80F94C2269ED356007003B3 /* iOSDemoUITests.swift */,
				B80F94C4269ED356007003B3 /* Info.plist */,
			);
			path = iOSDemoUITests;
			sourceTree = "<group>";
		};
		B80F951A26A01A07007003B3 /* Category */ = {
			isa = PBXGroup;
			children = (
				B80F951B26A01A07007003B3 /* UIKit */,
				B80F951E26A01A07007003B3 /* Foundation */,
			);
			path = Category;
			sourceTree = "<group>";
		};
		B80F951B26A01A07007003B3 /* UIKit */ = {
			isa = PBXGroup;
			children = (
				B80F951C26A01A07007003B3 /* UIColor+Extension.swift */,
				B80F951D26A01A07007003B3 /* UIimage+Extension.swift */,
			);
			path = UIKit;
			sourceTree = "<group>";
		};
		B80F951E26A01A07007003B3 /* Foundation */ = {
			isa = PBXGroup;
			children = (
				B80F951F26A01A07007003B3 /* Date+Extension.swift */,
				B80F952026A01A07007003B3 /* String+Extension.swift */,
				B80F952126A01A07007003B3 /* Array+Extension.swift */,
			);
			path = Foundation;
			sourceTree = "<group>";
		};
		B80F952226A01A07007003B3 /* UIKit+Custom */ = {
			isa = PBXGroup;
			children = (
				B80F952326A01A07007003B3 /* CodeField.swift */,
				B80F952426A01A07007003B3 /* AnimatedImageView.swift */,
				B80F952526A01A07007003B3 /* CircleProgressView.swift */,
			);
			path = "UIKit+Custom";
			sourceTree = "<group>";
		};
		B816787929CC7C66008579D8 /* CSVParser */ = {
			isa = PBXGroup;
			children = (
				B816787729CC7684008579D8 /* CSVParser.swift */,
			);
			path = CSVParser;
			sourceTree = "<group>";
		};
		B816787C29CCC55C008579D8 /* CompanyIdentfiers */ = {
			isa = PBXGroup;
			children = (
				B816787129CC4C84008579D8 /* CompanyIdentfiers - CSV.csv */,
				B816787D29CCC56D008579D8 /* CompanyIdentfiers1 - CSV.csv */,
			);
			path = CompanyIdentfiers;
			sourceTree = "<group>";
		};
		B816788229CF439C008579D8 /* AppKit */ = {
			isa = PBXGroup;
			children = (
				B816788429CF440D008579D8 /* AppKit+Extension.swift */,
			);
			path = AppKit;
			sourceTree = "<group>";
		};
		B816788829CFF080008579D8 /* CompanyIdentfier */ = {
			isa = PBXGroup;
			children = (
				B816787A29CCB30F008579D8 /* CompanyIdentfier.swift */,
				B816787C29CCC55C008579D8 /* CompanyIdentfiers */,
			);
			path = CompanyIdentfier;
			sourceTree = "<group>";
		};
		B8179F8728C855FC00D63BA9 /* Bluetooth */ = {
			isa = PBXGroup;
			children = (
				B8179F8C28CAD58E00D63BA9 /* BLEAdvertisement.swift */,
				B816786729CB0C97008579D8 /* BLEDevice.swift */,
				B8179F8528C8516F00D63BA9 /* BLEManager.swift */,
				B816788029CF072E008579D8 /* Constant.swift */,
				B816786929CB0E94008579D8 /* PeripheralOperation.swift */,
				B8B9DC4829D64F8C0071FAE9 /* PeripheralPrintExecutor.swift */,
				B8F1CD092AF26E76007307D4 /* Extension */,
				B8B9DC4E29D6C3C30071FAE9 /* Utility */,
				B816788829CFF080008579D8 /* CompanyIdentfier */,
				B8B9DC3B29D4FE130071FAE9 /* OCDelegateProxy.h */,
				B8B9DC3C29D4FE130071FAE9 /* OCDelegateProxy.m */,
				B8B9DC3A29D4FE130071FAE9 /* Sample-SwiftTests-Bridging-Header.h */,
			);
			path = Bluetooth;
			sourceTree = "<group>";
		};
		B852B6E5289E4C4000C07C08 /* Extension */ = {
			isa = PBXGroup;
			children = (
				B88DA3C129DB376B00E9CDE8 /* Extension+.swift */,
				B852B6E6289E4C8D00C07C08 /* Data+Extension.swift */,
				B88DA3BF29DABE0F00E9CDE8 /* Integer+.swift */,
				B835126F29DA1497002F2A13 /* OptionSet+.swift */,
				B816788229CF439C008579D8 /* AppKit */,
			);
			path = Extension;
			sourceTree = "<group>";
		};
		B8591D1427EAE48700C4E187 /* Frameworks */ = {
			isa = PBXGroup;
			children = (
				B8179F8A28C866D400D63BA9 /* CoreBluetooth.framework */,
				B8591D1527EAE48800C4E187 /* EventKitUI.framework */,
				031109C96D82E62F25910F51 /* Pods_iOSDemo.framework */,
			);
			name = Frameworks;
			sourceTree = "<group>";
		};
		B8A644EC2670C8DC00BA7FB2 = {
			isa = PBXGroup;
			children = (
				B835127129DA5BE3002F2A13 /* MyPlayground.playground */,
				B852B6E5289E4C4000C07C08 /* Extension */,
				B8179F8728C855FC00D63BA9 /* Bluetooth */,
				B816787929CC7C66008579D8 /* CSVParser */,
				B8A644F72670C8DC00BA7FB2 /* Sample-Swift */,
				B8A6450D2670C8DD00BA7FB2 /* Sample-SwiftTests */,
				B8A645182670C8DD00BA7FB2 /* Sample-SwiftUITests */,
				B80F949C269ED355007003B3 /* iOSDemo */,
				B80F94B6269ED356007003B3 /* iOSDemoTests */,
				B80F94C1269ED356007003B3 /* iOSDemoUITests */,
				B8A644F62670C8DC00BA7FB2 /* Products */,
				B8591D1427EAE48700C4E187 /* Frameworks */,
				3D8EC474836EA8537373F542 /* Pods */,
			);
			sourceTree = "<group>";
		};
		B8A644F62670C8DC00BA7FB2 /* Products */ = {
			isa = PBXGroup;
			children = (
				B8A644F52670C8DC00BA7FB2 /* Sample-Swift.app */,
				B8A6450A2670C8DD00BA7FB2 /* Sample-SwiftTests.xctest */,
				B8A645152670C8DD00BA7FB2 /* Sample-SwiftUITests.xctest */,
				B80F949B269ED355007003B3 /* iOSDemo.app */,
				B80F94B3269ED356007003B3 /* iOSDemoTests.xctest */,
				B80F94BE269ED356007003B3 /* iOSDemoUITests.xctest */,
			);
			name = Products;
			sourceTree = "<group>";
		};
		B8A644F72670C8DC00BA7FB2 /* Sample-Swift */ = {
			isa = PBXGroup;
			children = (
				B8A644F82670C8DC00BA7FB2 /* AppDelegate.swift */,
				B8A644FA2670C8DC00BA7FB2 /* ViewController.swift */,
				B88CE7B029D388E10006772B /* ViewController copy.swift */,
				B8179F8828C859BE00D63BA9 /* DeviceVC.swift */,
				B88DA3CD29DB98EC00E9CDE8 /* AttributeCell.swift */,
				B88DA3CB29DB92C400E9CDE8 /* WriteViewController.swift */,
				B88DA3D429DBAF8F00E9CDE8 /* WriteValueScene.storyboard */,
				B8A644FF2670C8DD00BA7FB2 /* Assets.xcassets */,
				B8A645012670C8DD00BA7FB2 /* Main.storyboard */,
				B8A645042670C8DD00BA7FB2 /* Info.plist */,
				B8A645052670C8DD00BA7FB2 /* Sample_Swift.entitlements */,
				B8A644FC2670C8DC00BA7FB2 /* Sample_Swift.xcdatamodeld */,
			);
			path = "Sample-Swift";
			sourceTree = "<group>";
		};
		B8A6450D2670C8DD00BA7FB2 /* Sample-SwiftTests */ = {
			isa = PBXGroup;
			children = (
				B8A6450E2670C8DD00BA7FB2 /* Sample_SwiftTests.swift */,
				B8A645102670C8DD00BA7FB2 /* Info.plist */,
			);
			path = "Sample-SwiftTests";
			sourceTree = "<group>";
		};
		B8A645182670C8DD00BA7FB2 /* Sample-SwiftUITests */ = {
			isa = PBXGroup;
			children = (
				B8A645192670C8DD00BA7FB2 /* Sample_SwiftUITests.swift */,
				B8A6451B2670C8DD00BA7FB2 /* Info.plist */,
			);
			path = "Sample-SwiftUITests";
			sourceTree = "<group>";
		};
		B8B9DC4E29D6C3C30071FAE9 /* Utility */ = {
			isa = PBXGroup;
			children = (
				B816788629CFEFE0008579D8 /* Cache.swift */,
				B88DA3C329DB731900E9CDE8 /* CFuncScheme.swift */,
				B838AE8F29D1E7A100B9D749 /* DelegateProxy.swift */,
				B8B9DC4A29D654550071FAE9 /* PeripheralDelegateProxy.swift */,
				B8B9DC4C29D68C4A0071FAE9 /* RuntimeFunc.swift */,
			);
			path = Utility;
			sourceTree = "<group>";
		};
		B8F1CD092AF26E76007307D4 /* Extension */ = {
			isa = PBXGroup;
			children = (
				B8E7229D29D8E77D007BC34A /* CBCharacteristic+.swift */,
			);
			path = Extension;
			sourceTree = "<group>";
		};
/* End PBXGroup section */

/* Begin PBXNativeTarget section */
		B80F949A269ED355007003B3 /* iOSDemo */ = {
			isa = PBXNativeTarget;
			buildConfigurationList = B80F94C5269ED356007003B3 /* Build configuration list for PBXNativeTarget "iOSDemo" */;
			buildPhases = (
				5889493D40B07F70665B9224 /* [CP] Check Pods Manifest.lock */,
				B80F9497269ED355007003B3 /* Sources */,
				B80F9498269ED355007003B3 /* Frameworks */,
				B80F9499269ED355007003B3 /* Resources */,
				14617E691C017DBCB99931D9 /* [CP] Embed Pods Frameworks */,
			);
			buildRules = (
			);
			dependencies = (
			);
			name = iOSDemo;
			productName = iOSDemo;
			productReference = B80F949B269ED355007003B3 /* iOSDemo.app */;
			productType = "com.apple.product-type.application";
		};
		B80F94B2269ED356007003B3 /* iOSDemoTests */ = {
			isa = PBXNativeTarget;
			buildConfigurationList = B80F94C8269ED356007003B3 /* Build configuration list for PBXNativeTarget "iOSDemoTests" */;
			buildPhases = (
				B80F94AF269ED356007003B3 /* Sources */,
				B80F94B0269ED356007003B3 /* Frameworks */,
				B80F94B1269ED356007003B3 /* Resources */,
			);
			buildRules = (
			);
			dependencies = (
				B80F94B5269ED356007003B3 /* PBXTargetDependency */,
			);
			name = iOSDemoTests;
			productName = iOSDemoTests;
			productReference = B80F94B3269ED356007003B3 /* iOSDemoTests.xctest */;
			productType = "com.apple.product-type.bundle.unit-test";
		};
		B80F94BD269ED356007003B3 /* iOSDemoUITests */ = {
			isa = PBXNativeTarget;
			buildConfigurationList = B80F94CB269ED356007003B3 /* Build configuration list for PBXNativeTarget "iOSDemoUITests" */;
			buildPhases = (
				B80F94BA269ED356007003B3 /* Sources */,
				B80F94BB269ED356007003B3 /* Frameworks */,
				B80F94BC269ED356007003B3 /* Resources */,
			);
			buildRules = (
			);
			dependencies = (
				B80F94C0269ED356007003B3 /* PBXTargetDependency */,
			);
			name = iOSDemoUITests;
			productName = iOSDemoUITests;
			productReference = B80F94BE269ED356007003B3 /* iOSDemoUITests.xctest */;
			productType = "com.apple.product-type.bundle.ui-testing";
		};
		B8A644F42670C8DC00BA7FB2 /* Sample-Swift */ = {
			isa = PBXNativeTarget;
			buildConfigurationList = B8A6451E2670C8DD00BA7FB2 /* Build configuration list for PBXNativeTarget "Sample-Swift" */;
			buildPhases = (
				B8A644F12670C8DC00BA7FB2 /* Sources */,
				B8A644F22670C8DC00BA7FB2 /* Frameworks */,
				B8A644F32670C8DC00BA7FB2 /* Resources */,
			);
			buildRules = (
			);
			dependencies = (
			);
			name = "Sample-Swift";
			productName = "Sample-Swift";
			productReference = B8A644F52670C8DC00BA7FB2 /* Sample-Swift.app */;
			productType = "com.apple.product-type.application";
		};
		B8A645092670C8DD00BA7FB2 /* Sample-SwiftTests */ = {
			isa = PBXNativeTarget;
			buildConfigurationList = B8A645212670C8DD00BA7FB2 /* Build configuration list for PBXNativeTarget "Sample-SwiftTests" */;
			buildPhases = (
				B8A645062670C8DD00BA7FB2 /* Sources */,
				B8A645072670C8DD00BA7FB2 /* Frameworks */,
				B8A645082670C8DD00BA7FB2 /* Resources */,
			);
			buildRules = (
			);
			dependencies = (
				B8A6450C2670C8DD00BA7FB2 /* PBXTargetDependency */,
			);
			name = "Sample-SwiftTests";
			productName = "Sample-SwiftTests";
			productReference = B8A6450A2670C8DD00BA7FB2 /* Sample-SwiftTests.xctest */;
			productType = "com.apple.product-type.bundle.unit-test";
		};
		B8A645142670C8DD00BA7FB2 /* Sample-SwiftUITests */ = {
			isa = PBXNativeTarget;
			buildConfigurationList = B8A645242670C8DD00BA7FB2 /* Build configuration list for PBXNativeTarget "Sample-SwiftUITests" */;
			buildPhases = (
				B8A645112670C8DD00BA7FB2 /* Sources */,
				B8A645122670C8DD00BA7FB2 /* Frameworks */,
				B8A645132670C8DD00BA7FB2 /* Resources */,
			);
			buildRules = (
			);
			dependencies = (
				B8A645172670C8DD00BA7FB2 /* PBXTargetDependency */,
			);
			name = "Sample-SwiftUITests";
			productName = "Sample-SwiftUITests";
			productReference = B8A645152670C8DD00BA7FB2 /* Sample-SwiftUITests.xctest */;
			productType = "com.apple.product-type.bundle.ui-testing";
		};
/* End PBXNativeTarget section */

/* Begin PBXProject section */
		B8A644ED2670C8DC00BA7FB2 /* Project object */ = {
			isa = PBXProject;
			attributes = {
				LastSwiftUpdateCheck = 1250;
				LastUpgradeCheck = 1420;
				TargetAttributes = {
					B80F949A269ED355007003B3 = {
						CreatedOnToolsVersion = 12.5;
					};
					B80F94B2269ED356007003B3 = {
						CreatedOnToolsVersion = 12.5;
						TestTargetID = B80F949A269ED355007003B3;
					};
					B80F94BD269ED356007003B3 = {
						CreatedOnToolsVersion = 12.5;
						TestTargetID = B80F949A269ED355007003B3;
					};
					B8A644F42670C8DC00BA7FB2 = {
						CreatedOnToolsVersion = 12.5;
					};
					B8A645092670C8DD00BA7FB2 = {
						CreatedOnToolsVersion = 12.5;
						LastSwiftMigration = 1420;
						TestTargetID = B8A644F42670C8DC00BA7FB2;
					};
					B8A645142670C8DD00BA7FB2 = {
						CreatedOnToolsVersion = 12.5;
						TestTargetID = B8A644F42670C8DC00BA7FB2;
					};
				};
			};
			buildConfigurationList = B8A644F02670C8DC00BA7FB2 /* Build configuration list for PBXProject "Sample-Swift" */;
			compatibilityVersion = "Xcode 9.3";
			developmentRegion = en;
			hasScannedForEncodings = 0;
			knownRegions = (
				en,
				Base,
			);
			mainGroup = B8A644EC2670C8DC00BA7FB2;
			productRefGroup = B8A644F62670C8DC00BA7FB2 /* Products */;
			projectDirPath = "";
			projectRoot = "";
			targets = (
				B8A644F42670C8DC00BA7FB2 /* Sample-Swift */,
				B8A645092670C8DD00BA7FB2 /* Sample-SwiftTests */,
				B8A645142670C8DD00BA7FB2 /* Sample-SwiftUITests */,
				B80F949A269ED355007003B3 /* iOSDemo */,
				B80F94B2269ED356007003B3 /* iOSDemoTests */,
				B80F94BD269ED356007003B3 /* iOSDemoUITests */,
			);
		};
/* End PBXProject section */

/* Begin PBXResourcesBuildPhase section */
		B80F9499269ED355007003B3 /* Resources */ = {
			isa = PBXResourcesBuildPhase;
			buildActionMask = 2147483647;
			files = (
				B80F94AD269ED356007003B3 /* LaunchScreen.storyboard in Resources */,
				B80F94AA269ED356007003B3 /* Assets.xcassets in Resources */,
				B80F94A5269ED355007003B3 /* Main.storyboard in Resources */,
			);
			runOnlyForDeploymentPostprocessing = 0;
		};
		B80F94B1269ED356007003B3 /* Resources */ = {
			isa = PBXResourcesBuildPhase;
			buildActionMask = 2147483647;
			files = (
			);
			runOnlyForDeploymentPostprocessing = 0;
		};
		B80F94BC269ED356007003B3 /* Resources */ = {
			isa = PBXResourcesBuildPhase;
			buildActionMask = 2147483647;
			files = (
			);
			runOnlyForDeploymentPostprocessing = 0;
		};
		B8A644F32670C8DC00BA7FB2 /* Resources */ = {
			isa = PBXResourcesBuildPhase;
			buildActionMask = 2147483647;
			files = (
				B816787229CC4C84008579D8 /* CompanyIdentfiers - CSV.csv in Resources */,
				B8A645002670C8DD00BA7FB2 /* Assets.xcassets in Resources */,
				B8A645032670C8DD00BA7FB2 /* Main.storyboard in Resources */,
				B88DA3D529DBAF9000E9CDE8 /* WriteValueScene.storyboard in Resources */,
			);
			runOnlyForDeploymentPostprocessing = 0;
		};
		B8A645082670C8DD00BA7FB2 /* Resources */ = {
			isa = PBXResourcesBuildPhase;
			buildActionMask = 2147483647;
			files = (
			);
			runOnlyForDeploymentPostprocessing = 0;
		};
		B8A645132670C8DD00BA7FB2 /* Resources */ = {
			isa = PBXResourcesBuildPhase;
			buildActionMask = 2147483647;
			files = (
			);
			runOnlyForDeploymentPostprocessing = 0;
		};
/* End PBXResourcesBuildPhase section */

/* Begin PBXShellScriptBuildPhase section */
		14617E691C017DBCB99931D9 /* [CP] Embed Pods Frameworks */ = {
			isa = PBXShellScriptBuildPhase;
			buildActionMask = 2147483647;
			files = (
			);
			inputFileListPaths = (
				"${PODS_ROOT}/Target Support Files/Pods-iOSDemo/Pods-iOSDemo-frameworks-${CONFIGURATION}-input-files.xcfilelist",
			);
			name = "[CP] Embed Pods Frameworks";
			outputFileListPaths = (
				"${PODS_ROOT}/Target Support Files/Pods-iOSDemo/Pods-iOSDemo-frameworks-${CONFIGURATION}-output-files.xcfilelist",
			);
			runOnlyForDeploymentPostprocessing = 0;
			shellPath = /bin/sh;
			shellScript = "\"${PODS_ROOT}/Target Support Files/Pods-iOSDemo/Pods-iOSDemo-frameworks.sh\"\n";
			showEnvVarsInLog = 0;
		};
		5889493D40B07F70665B9224 /* [CP] Check Pods Manifest.lock */ = {
			isa = PBXShellScriptBuildPhase;
			buildActionMask = 2147483647;
			files = (
			);
			inputFileListPaths = (
			);
			inputPaths = (
				"${PODS_PODFILE_DIR_PATH}/Podfile.lock",
				"${PODS_ROOT}/Manifest.lock",
			);
			name = "[CP] Check Pods Manifest.lock";
			outputFileListPaths = (
			);
			outputPaths = (
				"$(DERIVED_FILE_DIR)/Pods-iOSDemo-checkManifestLockResult.txt",
			);
			runOnlyForDeploymentPostprocessing = 0;
			shellPath = /bin/sh;
			shellScript = "diff \"${PODS_PODFILE_DIR_PATH}/Podfile.lock\" \"${PODS_ROOT}/Manifest.lock\" > /dev/null\nif [ $? != 0 ] ; then\n    # print error to STDERR\n    echo \"error: The sandbox is not in sync with the Podfile.lock. Run 'pod install' or update your CocoaPods installation.\" >&2\n    exit 1\nfi\n# This output is used by Xcode 'outputs' to avoid re-running this script phase.\necho \"SUCCESS\" > \"${SCRIPT_OUTPUT_FILE_0}\"\n";
			showEnvVarsInLog = 0;
		};
/* End PBXShellScriptBuildPhase section */

/* Begin PBXSourcesBuildPhase section */
		B80F9497269ED355007003B3 /* Sources */ = {
			isa = PBXSourcesBuildPhase;
			buildActionMask = 2147483647;
			files = (
				B80F952F26A01A07007003B3 /* String+Extension.swift in Sources */,
				B80F94A8269ED355007003B3 /* iOSDemo.xcdatamodeld in Sources */,
				B80F94A2269ED355007003B3 /* ViewController.swift in Sources */,
				B80F953526A01A07007003B3 /* CodeField.swift in Sources */,
				B80F953226A01A07007003B3 /* Array+Extension.swift in Sources */,
				B80F953B26A01A07007003B3 /* CircleProgressView.swift in Sources */,
				B80F949E269ED355007003B3 /* AppDelegate.swift in Sources */,
				B80F952926A01A07007003B3 /* UIimage+Extension.swift in Sources */,
				B80F953826A01A07007003B3 /* AnimatedImageView.swift in Sources */,
				B80F952C26A01A07007003B3 /* Date+Extension.swift in Sources */,
				B80F94A0269ED355007003B3 /* SceneDelegate.swift in Sources */,
				B80F952626A01A07007003B3 /* UIColor+Extension.swift in Sources */,
			);
			runOnlyForDeploymentPostprocessing = 0;
		};
		B80F94AF269ED356007003B3 /* Sources */ = {
			isa = PBXSourcesBuildPhase;
			buildActionMask = 2147483647;
			files = (
				B80F952A26A01A07007003B3 /* UIimage+Extension.swift in Sources */,
				B80F952D26A01A07007003B3 /* Date+Extension.swift in Sources */,
				B80F953C26A01A07007003B3 /* CircleProgressView.swift in Sources */,
				B80F953626A01A07007003B3 /* CodeField.swift in Sources */,
				B80F953926A01A07007003B3 /* AnimatedImageView.swift in Sources */,
				B80F94B8269ED356007003B3 /* iOSDemoTests.swift in Sources */,
				B80F953326A01A07007003B3 /* Array+Extension.swift in Sources */,
				B80F953026A01A07007003B3 /* String+Extension.swift in Sources */,
				B80F952726A01A07007003B3 /* UIColor+Extension.swift in Sources */,
			);
			runOnlyForDeploymentPostprocessing = 0;
		};
		B80F94BA269ED356007003B3 /* Sources */ = {
			isa = PBXSourcesBuildPhase;
			buildActionMask = 2147483647;
			files = (
				B80F952B26A01A07007003B3 /* UIimage+Extension.swift in Sources */,
				B80F952E26A01A07007003B3 /* Date+Extension.swift in Sources */,
				B80F953D26A01A07007003B3 /* CircleProgressView.swift in Sources */,
				B80F953726A01A07007003B3 /* CodeField.swift in Sources */,
				B80F953A26A01A07007003B3 /* AnimatedImageView.swift in Sources */,
				B80F94C3269ED356007003B3 /* iOSDemoUITests.swift in Sources */,
				B80F953426A01A07007003B3 /* Array+Extension.swift in Sources */,
				B80F953126A01A07007003B3 /* String+Extension.swift in Sources */,
				B80F952826A01A07007003B3 /* UIColor+Extension.swift in Sources */,
			);
			runOnlyForDeploymentPostprocessing = 0;
		};
		B8A644F12670C8DC00BA7FB2 /* Sources */ = {
			isa = PBXSourcesBuildPhase;
			buildActionMask = 2147483647;
			files = (
				B88DA3C029DABE1200E9CDE8 /* Integer+.swift in Sources */,
				B8B9DC4D29D68CBE0071FAE9 /* RuntimeFunc.swift in Sources */,
				B835127029DA1497002F2A13 /* OptionSet+.swift in Sources */,
				B8B9DC4029D500620071FAE9 /* OCDelegateProxy.m in Sources */,
				B88DA3CE29DB98EC00E9CDE8 /* AttributeCell.swift in Sources */,
				B8B9DC4B29D655B00071FAE9 /* PeripheralDelegateProxy.swift in Sources */,
				B838AE9029D1E7A100B9D749 /* DelegateProxy.swift in Sources */,
				B816787B29CCB30F008579D8 /* CompanyIdentfier.swift in Sources */,
				B816787829CC7684008579D8 /* CSVParser.swift in Sources */,
				B816788729CFEFE0008579D8 /* Cache.swift in Sources */,
				B8B9DC4929D653C60071FAE9 /* PeripheralPrintExecutor.swift in Sources */,
				B88DA3C229DB376B00E9CDE8 /* Extension+.swift in Sources */,
				B816786A29CB0E94008579D8 /* PeripheralOperation.swift in Sources */,
				B8E7229E29D8E85C007BC34A /* CBCharacteristic+.swift in Sources */,
				B816788129CF072E008579D8 /* Constant.swift in Sources */,
				B816786829CB0C97008579D8 /* BLEDevice.swift in Sources */,
				B8179F8628C8516F00D63BA9 /* BLEManager.swift in Sources */,
				B8179F8D28CAD58E00D63BA9 /* BLEAdvertisement.swift in Sources */,
				B816788529CF4542008579D8 /* AppKit+Extension.swift in Sources */,
				B852B6E7289E4C8D00C07C08 /* Data+Extension.swift in Sources */,
				B8179F8928C859BE00D63BA9 /* DeviceVC.swift in Sources */,
				B88CE7B129D388E10006772B /* ViewController copy.swift in Sources */,
				B8A644FE2670C8DC00BA7FB2 /* Sample_Swift.xcdatamodeld in Sources */,
				B88DA3C429DB731900E9CDE8 /* CFuncScheme.swift in Sources */,
				B8A644FB2670C8DC00BA7FB2 /* ViewController.swift in Sources */,
				B88DA3CC29DB92C400E9CDE8 /* WriteViewController.swift in Sources */,
				B8A644F92670C8DC00BA7FB2 /* AppDelegate.swift in Sources */,
			);
			runOnlyForDeploymentPostprocessing = 0;
		};
		B8A645062670C8DD00BA7FB2 /* Sources */ = {
			isa = PBXSourcesBuildPhase;
			buildActionMask = 2147483647;
			files = (
				B8A6450F2670C8DD00BA7FB2 /* Sample_SwiftTests.swift in Sources */,
				B8B9DC3D29D4FE130071FAE9 /* OCDelegateProxy.m in Sources */,
			);
			runOnlyForDeploymentPostprocessing = 0;
		};
		B8A645112670C8DD00BA7FB2 /* Sources */ = {
			isa = PBXSourcesBuildPhase;
			buildActionMask = 2147483647;
			files = (
				B8A6451A2670C8DD00BA7FB2 /* Sample_SwiftUITests.swift in Sources */,
			);
			runOnlyForDeploymentPostprocessing = 0;
		};
/* End PBXSourcesBuildPhase section */

/* Begin PBXTargetDependency section */
		B80F94B5269ED356007003B3 /* PBXTargetDependency */ = {
			isa = PBXTargetDependency;
			target = B80F949A269ED355007003B3 /* iOSDemo */;
			targetProxy = B80F94B4269ED356007003B3 /* PBXContainerItemProxy */;
		};
		B80F94C0269ED356007003B3 /* PBXTargetDependency */ = {
			isa = PBXTargetDependency;
			target = B80F949A269ED355007003B3 /* iOSDemo */;
			targetProxy = B80F94BF269ED356007003B3 /* PBXContainerItemProxy */;
		};
		B8A6450C2670C8DD00BA7FB2 /* PBXTargetDependency */ = {
			isa = PBXTargetDependency;
			target = B8A644F42670C8DC00BA7FB2 /* Sample-Swift */;
			targetProxy = B8A6450B2670C8DD00BA7FB2 /* PBXContainerItemProxy */;
		};
		B8A645172670C8DD00BA7FB2 /* PBXTargetDependency */ = {
			isa = PBXTargetDependency;
			target = B8A644F42670C8DC00BA7FB2 /* Sample-Swift */;
			targetProxy = B8A645162670C8DD00BA7FB2 /* PBXContainerItemProxy */;
		};
/* End PBXTargetDependency section */

/* Begin PBXVariantGroup section */
		B80F94A3269ED355007003B3 /* Main.storyboard */ = {
			isa = PBXVariantGroup;
			children = (
				B80F94A4269ED355007003B3 /* Base */,
			);
			name = Main.storyboard;
			sourceTree = "<group>";
		};
		B80F94AB269ED356007003B3 /* LaunchScreen.storyboard */ = {
			isa = PBXVariantGroup;
			children = (
				B80F94AC269ED356007003B3 /* Base */,
			);
			name = LaunchScreen.storyboard;
			sourceTree = "<group>";
		};
		B8A645012670C8DD00BA7FB2 /* Main.storyboard */ = {
			isa = PBXVariantGroup;
			children = (
				B8A645022670C8DD00BA7FB2 /* Base */,
			);
			name = Main.storyboard;
			sourceTree = "<group>";
		};
/* End PBXVariantGroup section */

/* Begin XCBuildConfiguration section */
		B80F94C6269ED356007003B3 /* Debug */ = {
			isa = XCBuildConfiguration;
			baseConfigurationReference = 3611A3B36913CA63DDFF57E1 /* Pods-iOSDemo.debug.xcconfig */;
			buildSettings = {
				ASSETCATALOG_COMPILER_APPICON_NAME = AppIcon;
				ASSETCATALOG_COMPILER_GLOBAL_ACCENT_COLOR_NAME = AccentColor;
				CODE_SIGN_STYLE = Automatic;
				DEVELOPMENT_TEAM = "";
				INFOPLIST_FILE = iOSDemo/Info.plist;
				IPHONEOS_DEPLOYMENT_TARGET = 14.5;
				LD_RUNPATH_SEARCH_PATHS = (
					"$(inherited)",
					"@executable_path/Frameworks",
				);
				PRODUCT_BUNDLE_IDENTIFIER = com.peng.iOSDemo;
				PRODUCT_NAME = "$(TARGET_NAME)";
				SDKROOT = iphoneos;
				SWIFT_VERSION = 5.0;
				TARGETED_DEVICE_FAMILY = "1,2";
			};
			name = Debug;
		};
		B80F94C7269ED356007003B3 /* Release */ = {
			isa = XCBuildConfiguration;
			baseConfigurationReference = 9354250C501609FAB225BA6E /* Pods-iOSDemo.release.xcconfig */;
			buildSettings = {
				ASSETCATALOG_COMPILER_APPICON_NAME = AppIcon;
				ASSETCATALOG_COMPILER_GLOBAL_ACCENT_COLOR_NAME = AccentColor;
				CODE_SIGN_STYLE = Automatic;
				DEVELOPMENT_TEAM = "";
				INFOPLIST_FILE = iOSDemo/Info.plist;
				IPHONEOS_DEPLOYMENT_TARGET = 14.5;
				LD_RUNPATH_SEARCH_PATHS = (
					"$(inherited)",
					"@executable_path/Frameworks",
				);
				PRODUCT_BUNDLE_IDENTIFIER = com.peng.iOSDemo;
				PRODUCT_NAME = "$(TARGET_NAME)";
				SDKROOT = iphoneos;
				SWIFT_VERSION = 5.0;
				TARGETED_DEVICE_FAMILY = "1,2";
				VALIDATE_PRODUCT = YES;
			};
			name = Release;
		};
		B80F94C9269ED356007003B3 /* Debug */ = {
			isa = XCBuildConfiguration;
			buildSettings = {
				ALWAYS_EMBED_SWIFT_STANDARD_LIBRARIES = YES;
				BUNDLE_LOADER = "$(TEST_HOST)";
				CODE_SIGN_STYLE = Automatic;
				DEVELOPMENT_TEAM = MB8A8WEGM4;
				INFOPLIST_FILE = iOSDemoTests/Info.plist;
				IPHONEOS_DEPLOYMENT_TARGET = 14.5;
				LD_RUNPATH_SEARCH_PATHS = (
					"$(inherited)",
					"@executable_path/Frameworks",
					"@loader_path/Frameworks",
				);
				PRODUCT_BUNDLE_IDENTIFIER = com.peng.iOSDemoTests;
				PRODUCT_NAME = "$(TARGET_NAME)";
				SDKROOT = iphoneos;
				SWIFT_VERSION = 5.0;
				TARGETED_DEVICE_FAMILY = "1,2";
				TEST_HOST = "$(BUILT_PRODUCTS_DIR)/iOSDemo.app/iOSDemo";
			};
			name = Debug;
		};
		B80F94CA269ED356007003B3 /* Release */ = {
			isa = XCBuildConfiguration;
			buildSettings = {
				ALWAYS_EMBED_SWIFT_STANDARD_LIBRARIES = YES;
				BUNDLE_LOADER = "$(TEST_HOST)";
				CODE_SIGN_STYLE = Automatic;
				DEVELOPMENT_TEAM = MB8A8WEGM4;
				INFOPLIST_FILE = iOSDemoTests/Info.plist;
				IPHONEOS_DEPLOYMENT_TARGET = 14.5;
				LD_RUNPATH_SEARCH_PATHS = (
					"$(inherited)",
					"@executable_path/Frameworks",
					"@loader_path/Frameworks",
				);
				PRODUCT_BUNDLE_IDENTIFIER = com.peng.iOSDemoTests;
				PRODUCT_NAME = "$(TARGET_NAME)";
				SDKROOT = iphoneos;
				SWIFT_VERSION = 5.0;
				TARGETED_DEVICE_FAMILY = "1,2";
				TEST_HOST = "$(BUILT_PRODUCTS_DIR)/iOSDemo.app/iOSDemo";
				VALIDATE_PRODUCT = YES;
			};
			name = Release;
		};
		B80F94CC269ED356007003B3 /* Debug */ = {
			isa = XCBuildConfiguration;
			buildSettings = {
				ALWAYS_EMBED_SWIFT_STANDARD_LIBRARIES = YES;
				CODE_SIGN_STYLE = Automatic;
				DEVELOPMENT_TEAM = MB8A8WEGM4;
				FRAMEWORK_SEARCH_PATHS = (
					"$(inherited)",
					"$(SDKROOT)/System/iOSSupport/System/Library/Frameworks",
				);
				INFOPLIST_FILE = iOSDemoUITests/Info.plist;
				IPHONEOS_DEPLOYMENT_TARGET = 14.5;
				LD_RUNPATH_SEARCH_PATHS = (
					"$(inherited)",
					"@executable_path/Frameworks",
					"@loader_path/Frameworks",
				);
				PRODUCT_BUNDLE_IDENTIFIER = com.peng.iOSDemoUITests;
				PRODUCT_NAME = "$(TARGET_NAME)";
				SDKROOT = iphoneos;
				SWIFT_VERSION = 5.0;
				TARGETED_DEVICE_FAMILY = "1,2";
				TEST_TARGET_NAME = iOSDemo;
			};
			name = Debug;
		};
		B80F94CD269ED356007003B3 /* Release */ = {
			isa = XCBuildConfiguration;
			buildSettings = {
				ALWAYS_EMBED_SWIFT_STANDARD_LIBRARIES = YES;
				CODE_SIGN_STYLE = Automatic;
				DEVELOPMENT_TEAM = MB8A8WEGM4;
				FRAMEWORK_SEARCH_PATHS = (
					"$(inherited)",
					"$(SDKROOT)/System/iOSSupport/System/Library/Frameworks",
				);
				INFOPLIST_FILE = iOSDemoUITests/Info.plist;
				IPHONEOS_DEPLOYMENT_TARGET = 14.5;
				LD_RUNPATH_SEARCH_PATHS = (
					"$(inherited)",
					"@executable_path/Frameworks",
					"@loader_path/Frameworks",
				);
				PRODUCT_BUNDLE_IDENTIFIER = com.peng.iOSDemoUITests;
				PRODUCT_NAME = "$(TARGET_NAME)";
				SDKROOT = iphoneos;
				SWIFT_VERSION = 5.0;
				TARGETED_DEVICE_FAMILY = "1,2";
				TEST_TARGET_NAME = iOSDemo;
				VALIDATE_PRODUCT = YES;
			};
			name = Release;
		};
		B8A6451C2670C8DD00BA7FB2 /* Debug */ = {
			isa = XCBuildConfiguration;
			buildSettings = {
				ALWAYS_SEARCH_USER_PATHS = NO;
				CLANG_ANALYZER_NONNULL = YES;
				CLANG_ANALYZER_NUMBER_OBJECT_CONVERSION = YES_AGGRESSIVE;
				CLANG_CXX_LANGUAGE_STANDARD = "gnu++14";
				CLANG_CXX_LIBRARY = "libc++";
				CLANG_ENABLE_MODULES = YES;
				CLANG_ENABLE_OBJC_ARC = YES;
				CLANG_ENABLE_OBJC_WEAK = YES;
				CLANG_WARN_BLOCK_CAPTURE_AUTORELEASING = YES;
				CLANG_WARN_BOOL_CONVERSION = YES;
				CLANG_WARN_COMMA = YES;
				CLANG_WARN_CONSTANT_CONVERSION = YES;
				CLANG_WARN_DEPRECATED_OBJC_IMPLEMENTATIONS = YES;
				CLANG_WARN_DIRECT_OBJC_ISA_USAGE = YES_ERROR;
				CLANG_WARN_DOCUMENTATION_COMMENTS = YES;
				CLANG_WARN_EMPTY_BODY = YES;
				CLANG_WARN_ENUM_CONVERSION = YES;
				CLANG_WARN_INFINITE_RECURSION = YES;
				CLANG_WARN_INT_CONVERSION = YES;
				CLANG_WARN_NON_LITERAL_NULL_CONVERSION = YES;
				CLANG_WARN_OBJC_IMPLICIT_RETAIN_SELF = YES;
				CLANG_WARN_OBJC_LITERAL_CONVERSION = YES;
				CLANG_WARN_OBJC_ROOT_CLASS = YES_ERROR;
				CLANG_WARN_QUOTED_INCLUDE_IN_FRAMEWORK_HEADER = YES;
				CLANG_WARN_RANGE_LOOP_ANALYSIS = YES;
				CLANG_WARN_STRICT_PROTOTYPES = YES;
				CLANG_WARN_SUSPICIOUS_MOVE = YES;
				CLANG_WARN_UNGUARDED_AVAILABILITY = YES_AGGRESSIVE;
				CLANG_WARN_UNREACHABLE_CODE = YES;
				CLANG_WARN__DUPLICATE_METHOD_MATCH = YES;
				COPY_PHASE_STRIP = NO;
				DEAD_CODE_STRIPPING = YES;
				DEBUG_INFORMATION_FORMAT = dwarf;
				ENABLE_STRICT_OBJC_MSGSEND = YES;
				ENABLE_TESTABILITY = YES;
				GCC_C_LANGUAGE_STANDARD = gnu11;
				GCC_DYNAMIC_NO_PIC = NO;
				GCC_NO_COMMON_BLOCKS = YES;
				GCC_OPTIMIZATION_LEVEL = 0;
				GCC_PREPROCESSOR_DEFINITIONS = (
					"DEBUG=1",
					"$(inherited)",
				);
				GCC_WARN_64_TO_32_BIT_CONVERSION = YES;
				GCC_WARN_ABOUT_RETURN_TYPE = YES_ERROR;
				GCC_WARN_UNDECLARED_SELECTOR = YES;
				GCC_WARN_UNINITIALIZED_AUTOS = YES_AGGRESSIVE;
				GCC_WARN_UNUSED_FUNCTION = YES;
				GCC_WARN_UNUSED_VARIABLE = YES;
				MACOSX_DEPLOYMENT_TARGET = 11.2;
				MTL_ENABLE_DEBUG_INFO = INCLUDE_SOURCE;
				MTL_FAST_MATH = YES;
				ONLY_ACTIVE_ARCH = YES;
				SDKROOT = macosx;
				SWIFT_ACTIVE_COMPILATION_CONDITIONS = DEBUG;
				SWIFT_OPTIMIZATION_LEVEL = "-Onone";
			};
			name = Debug;
		};
		B8A6451D2670C8DD00BA7FB2 /* Release */ = {
			isa = XCBuildConfiguration;
			buildSettings = {
				ALWAYS_SEARCH_USER_PATHS = NO;
				CLANG_ANALYZER_NONNULL = YES;
				CLANG_ANALYZER_NUMBER_OBJECT_CONVERSION = YES_AGGRESSIVE;
				CLANG_CXX_LANGUAGE_STANDARD = "gnu++14";
				CLANG_CXX_LIBRARY = "libc++";
				CLANG_ENABLE_MODULES = YES;
				CLANG_ENABLE_OBJC_ARC = YES;
				CLANG_ENABLE_OBJC_WEAK = YES;
				CLANG_WARN_BLOCK_CAPTURE_AUTORELEASING = YES;
				CLANG_WARN_BOOL_CONVERSION = YES;
				CLANG_WARN_COMMA = YES;
				CLANG_WARN_CONSTANT_CONVERSION = YES;
				CLANG_WARN_DEPRECATED_OBJC_IMPLEMENTATIONS = YES;
				CLANG_WARN_DIRECT_OBJC_ISA_USAGE = YES_ERROR;
				CLANG_WARN_DOCUMENTATION_COMMENTS = YES;
				CLANG_WARN_EMPTY_BODY = YES;
				CLANG_WARN_ENUM_CONVERSION = YES;
				CLANG_WARN_INFINITE_RECURSION = YES;
				CLANG_WARN_INT_CONVERSION = YES;
				CLANG_WARN_NON_LITERAL_NULL_CONVERSION = YES;
				CLANG_WARN_OBJC_IMPLICIT_RETAIN_SELF = YES;
				CLANG_WARN_OBJC_LITERAL_CONVERSION = YES;
				CLANG_WARN_OBJC_ROOT_CLASS = YES_ERROR;
				CLANG_WARN_QUOTED_INCLUDE_IN_FRAMEWORK_HEADER = YES;
				CLANG_WARN_RANGE_LOOP_ANALYSIS = YES;
				CLANG_WARN_STRICT_PROTOTYPES = YES;
				CLANG_WARN_SUSPICIOUS_MOVE = YES;
				CLANG_WARN_UNGUARDED_AVAILABILITY = YES_AGGRESSIVE;
				CLANG_WARN_UNREACHABLE_CODE = YES;
				CLANG_WARN__DUPLICATE_METHOD_MATCH = YES;
				COPY_PHASE_STRIP = NO;
				DEAD_CODE_STRIPPING = YES;
				DEBUG_INFORMATION_FORMAT = "dwarf-with-dsym";
				ENABLE_NS_ASSERTIONS = NO;
				ENABLE_STRICT_OBJC_MSGSEND = YES;
				GCC_C_LANGUAGE_STANDARD = gnu11;
				GCC_NO_COMMON_BLOCKS = YES;
				GCC_WARN_64_TO_32_BIT_CONVERSION = YES;
				GCC_WARN_ABOUT_RETURN_TYPE = YES_ERROR;
				GCC_WARN_UNDECLARED_SELECTOR = YES;
				GCC_WARN_UNINITIALIZED_AUTOS = YES_AGGRESSIVE;
				GCC_WARN_UNUSED_FUNCTION = YES;
				GCC_WARN_UNUSED_VARIABLE = YES;
				MACOSX_DEPLOYMENT_TARGET = 11.2;
				MTL_ENABLE_DEBUG_INFO = NO;
				MTL_FAST_MATH = YES;
				SDKROOT = macosx;
				SWIFT_COMPILATION_MODE = wholemodule;
				SWIFT_OPTIMIZATION_LEVEL = "-O";
			};
			name = Release;
		};
		B8A6451F2670C8DD00BA7FB2 /* Debug */ = {
			isa = XCBuildConfiguration;
			buildSettings = {
				ASSETCATALOG_COMPILER_APPICON_NAME = AppIcon;
				ASSETCATALOG_COMPILER_GLOBAL_ACCENT_COLOR_NAME = AccentColor;
				CODE_SIGN_ENTITLEMENTS = "Sample-Swift/Sample_Swift.entitlements";
				CODE_SIGN_IDENTITY = "-";
				"CODE_SIGN_IDENTITY[sdk=macosx*]" = "Apple Development";
				CODE_SIGN_STYLE = Automatic;
				COMBINE_HIDPI_IMAGES = YES;
				DEAD_CODE_STRIPPING = YES;
				DEVELOPMENT_TEAM = MB8A8WEGM4;
				ENABLE_HARDENED_RUNTIME = YES;
				INFOPLIST_FILE = "Sample-Swift/Info.plist";
				LD_RUNPATH_SEARCH_PATHS = (
					"$(inherited)",
					"@executable_path/../Frameworks",
				);
				PRODUCT_BUNDLE_IDENTIFIER = "com.peng.Sample-Swift";
				PRODUCT_NAME = "$(TARGET_NAME)";
				SWIFT_OBJC_BRIDGING_HEADER = "Bluetooth/Sample-SwiftTests-Bridging-Header.h";
				SWIFT_VERSION = 5.0;
			};
			name = Debug;
		};
		B8A645202670C8DD00BA7FB2 /* Release */ = {
			isa = XCBuildConfiguration;
			buildSettings = {
				ASSETCATALOG_COMPILER_APPICON_NAME = AppIcon;
				ASSETCATALOG_COMPILER_GLOBAL_ACCENT_COLOR_NAME = AccentColor;
				CODE_SIGN_ENTITLEMENTS = "Sample-Swift/Sample_Swift.entitlements";
				CODE_SIGN_IDENTITY = "-";
				"CODE_SIGN_IDENTITY[sdk=macosx*]" = "Apple Development";
				CODE_SIGN_STYLE = Automatic;
				COMBINE_HIDPI_IMAGES = YES;
				DEAD_CODE_STRIPPING = YES;
				DEVELOPMENT_TEAM = MB8A8WEGM4;
				ENABLE_HARDENED_RUNTIME = YES;
				INFOPLIST_FILE = "Sample-Swift/Info.plist";
				LD_RUNPATH_SEARCH_PATHS = (
					"$(inherited)",
					"@executable_path/../Frameworks",
				);
				PRODUCT_BUNDLE_IDENTIFIER = "com.peng.Sample-Swift";
				PRODUCT_NAME = "$(TARGET_NAME)";
				SWIFT_OBJC_BRIDGING_HEADER = "Bluetooth/Sample-SwiftTests-Bridging-Header.h";
				SWIFT_VERSION = 5.0;
			};
			name = Release;
		};
		B8A645222670C8DD00BA7FB2 /* Debug */ = {
			isa = XCBuildConfiguration;
			buildSettings = {
				ALWAYS_EMBED_SWIFT_STANDARD_LIBRARIES = YES;
				BUNDLE_LOADER = "$(TEST_HOST)";
				CLANG_ENABLE_MODULES = YES;
				"CODE_SIGN_IDENTITY[sdk=macosx*]" = "Apple Development";
				CODE_SIGN_STYLE = Automatic;
				COMBINE_HIDPI_IMAGES = YES;
				DEAD_CODE_STRIPPING = YES;
				DEVELOPMENT_TEAM = MB8A8WEGM4;
				INFOPLIST_FILE = "Sample-SwiftTests/Info.plist";
				LD_RUNPATH_SEARCH_PATHS = (
					"$(inherited)",
					"@executable_path/../Frameworks",
					"@loader_path/../Frameworks",
				);
				MACOSX_DEPLOYMENT_TARGET = 11.2;
				PRODUCT_BUNDLE_IDENTIFIER = "com.peng.Sample-SwiftTests";
				PRODUCT_NAME = "$(TARGET_NAME)";
				SWIFT_OBJC_BRIDGING_HEADER = "Bluetooth/Sample-SwiftTests-Bridging-Header.h";
				SWIFT_OPTIMIZATION_LEVEL = "-Onone";
				SWIFT_VERSION = 5.0;
				TEST_HOST = "$(BUILT_PRODUCTS_DIR)/Sample-Swift.app/Contents/MacOS/Sample-Swift";
			};
			name = Debug;
		};
		B8A645232670C8DD00BA7FB2 /* Release */ = {
			isa = XCBuildConfiguration;
			buildSettings = {
				ALWAYS_EMBED_SWIFT_STANDARD_LIBRARIES = YES;
				BUNDLE_LOADER = "$(TEST_HOST)";
				CLANG_ENABLE_MODULES = YES;
				"CODE_SIGN_IDENTITY[sdk=macosx*]" = "Apple Development";
				CODE_SIGN_STYLE = Automatic;
				COMBINE_HIDPI_IMAGES = YES;
				DEAD_CODE_STRIPPING = YES;
				DEVELOPMENT_TEAM = MB8A8WEGM4;
				INFOPLIST_FILE = "Sample-SwiftTests/Info.plist";
				LD_RUNPATH_SEARCH_PATHS = (
					"$(inherited)",
					"@executable_path/../Frameworks",
					"@loader_path/../Frameworks",
				);
				MACOSX_DEPLOYMENT_TARGET = 11.2;
				PRODUCT_BUNDLE_IDENTIFIER = "com.peng.Sample-SwiftTests";
				PRODUCT_NAME = "$(TARGET_NAME)";
				SWIFT_OBJC_BRIDGING_HEADER = "Bluetooth/Sample-SwiftTests-Bridging-Header.h";
				SWIFT_VERSION = 5.0;
				TEST_HOST = "$(BUILT_PRODUCTS_DIR)/Sample-Swift.app/Contents/MacOS/Sample-Swift";
			};
			name = Release;
		};
		B8A645252670C8DD00BA7FB2 /* Debug */ = {
			isa = XCBuildConfiguration;
			buildSettings = {
				ALWAYS_EMBED_SWIFT_STANDARD_LIBRARIES = YES;
				CODE_SIGN_STYLE = Automatic;
				COMBINE_HIDPI_IMAGES = YES;
				DEAD_CODE_STRIPPING = YES;
				DEVELOPMENT_TEAM = MB8A8WEGM4;
				INFOPLIST_FILE = "Sample-SwiftUITests/Info.plist";
				LD_RUNPATH_SEARCH_PATHS = (
					"$(inherited)",
					"@executable_path/../Frameworks",
					"@loader_path/../Frameworks",
				);
				PRODUCT_BUNDLE_IDENTIFIER = "com.peng.Sample-SwiftUITests";
				PRODUCT_NAME = "$(TARGET_NAME)";
				SWIFT_VERSION = 5.0;
				TEST_TARGET_NAME = "Sample-Swift";
			};
			name = Debug;
		};
		B8A645262670C8DD00BA7FB2 /* Release */ = {
			isa = XCBuildConfiguration;
			buildSettings = {
				ALWAYS_EMBED_SWIFT_STANDARD_LIBRARIES = YES;
				CODE_SIGN_STYLE = Automatic;
				COMBINE_HIDPI_IMAGES = YES;
				DEAD_CODE_STRIPPING = YES;
				DEVELOPMENT_TEAM = MB8A8WEGM4;
				INFOPLIST_FILE = "Sample-SwiftUITests/Info.plist";
				LD_RUNPATH_SEARCH_PATHS = (
					"$(inherited)",
					"@executable_path/../Frameworks",
					"@loader_path/../Frameworks",
				);
				PRODUCT_BUNDLE_IDENTIFIER = "com.peng.Sample-SwiftUITests";
				PRODUCT_NAME = "$(TARGET_NAME)";
				SWIFT_VERSION = 5.0;
				TEST_TARGET_NAME = "Sample-Swift";
			};
			name = Release;
		};
/* End XCBuildConfiguration section */

/* Begin XCConfigurationList section */
		B80F94C5269ED356007003B3 /* Build configuration list for PBXNativeTarget "iOSDemo" */ = {
			isa = XCConfigurationList;
			buildConfigurations = (
				B80F94C6269ED356007003B3 /* Debug */,
				B80F94C7269ED356007003B3 /* Release */,
			);
			defaultConfigurationIsVisible = 0;
			defaultConfigurationName = Release;
		};
		B80F94C8269ED356007003B3 /* Build configuration list for PBXNativeTarget "iOSDemoTests" */ = {
			isa = XCConfigurationList;
			buildConfigurations = (
				B80F94C9269ED356007003B3 /* Debug */,
				B80F94CA269ED356007003B3 /* Release */,
			);
			defaultConfigurationIsVisible = 0;
			defaultConfigurationName = Release;
		};
		B80F94CB269ED356007003B3 /* Build configuration list for PBXNativeTarget "iOSDemoUITests" */ = {
			isa = XCConfigurationList;
			buildConfigurations = (
				B80F94CC269ED356007003B3 /* Debug */,
				B80F94CD269ED356007003B3 /* Release */,
			);
			defaultConfigurationIsVisible = 0;
			defaultConfigurationName = Release;
		};
		B8A644F02670C8DC00BA7FB2 /* Build configuration list for PBXProject "Sample-Swift" */ = {
			isa = XCConfigurationList;
			buildConfigurations = (
				B8A6451C2670C8DD00BA7FB2 /* Debug */,
				B8A6451D2670C8DD00BA7FB2 /* Release */,
			);
			defaultConfigurationIsVisible = 0;
			defaultConfigurationName = Release;
		};
		B8A6451E2670C8DD00BA7FB2 /* Build configuration list for PBXNativeTarget "Sample-Swift" */ = {
			isa = XCConfigurationList;
			buildConfigurations = (
				B8A6451F2670C8DD00BA7FB2 /* Debug */,
				B8A645202670C8DD00BA7FB2 /* Release */,
			);
			defaultConfigurationIsVisible = 0;
			defaultConfigurationName = Release;
		};
		B8A645212670C8DD00BA7FB2 /* Build configuration list for PBXNativeTarget "Sample-SwiftTests" */ = {
			isa = XCConfigurationList;
			buildConfigurations = (
				B8A645222670C8DD00BA7FB2 /* Debug */,
				B8A645232670C8DD00BA7FB2 /* Release */,
			);
			defaultConfigurationIsVisible = 0;
			defaultConfigurationName = Release;
		};
		B8A645242670C8DD00BA7FB2 /* Build configuration list for PBXNativeTarget "Sample-SwiftUITests" */ = {
			isa = XCConfigurationList;
			buildConfigurations = (
				B8A645252670C8DD00BA7FB2 /* Debug */,
				B8A645262670C8DD00BA7FB2 /* Release */,
			);
			defaultConfigurationIsVisible = 0;
			defaultConfigurationName = Release;
		};
/* End XCConfigurationList section */

/* Begin XCVersionGroup section */
		B80F94A6269ED355007003B3 /* iOSDemo.xcdatamodeld */ = {
			isa = XCVersionGroup;
			children = (
				B80F94A7269ED355007003B3 /* iOSDemo.xcdatamodel */,
			);
			currentVersion = B80F94A7269ED355007003B3 /* iOSDemo.xcdatamodel */;
			path = iOSDemo.xcdatamodeld;
			sourceTree = "<group>";
			versionGroupType = wrapper.xcdatamodel;
		};
		B8A644FC2670C8DC00BA7FB2 /* Sample_Swift.xcdatamodeld */ = {
			isa = XCVersionGroup;
			children = (
				B8A644FD2670C8DC00BA7FB2 /* Sample_Swift.xcdatamodel */,
			);
			currentVersion = B8A644FD2670C8DC00BA7FB2 /* Sample_Swift.xcdatamodel */;
			path = Sample_Swift.xcdatamodeld;
			sourceTree = "<group>";
			versionGroupType = wrapper.xcdatamodel;
		};
/* End XCVersionGroup section */
	};
	rootObject = B8A644ED2670C8DC00BA7FB2 /* Project object */;
}
